
Microsoft Visual Studio Solution File, Format Version 12.00
# Visual Studio 2013
VisualStudioVersion = 12.0.31101.0
MinimumVisualStudioVersion = 10.0.40219.1
Project("{FAE04EC0-301F-11D3-BF4B-00C04F79EFBC}") = "MosqueFinder.iOS", "MosqueFinder\MosqueFinder.iOS\MosqueFinder.iOS.csproj", "{60F8D31D-9FE1-442F-B4DD-BC98E899D19D}"
EndProject
Project("{FAE04EC0-301F-11D3-BF4B-00C04F79EFBC}") = "MosqueFinder.Droid", "MosqueFinder\MosqueFinder.Droid\MosqueFinder.Droid.csproj", "{16285793-38A7-4E5B-A873-B0726F41A23C}"
EndProject
Project("{FAE04EC0-301F-11D3-BF4B-00C04F79EFBC}") = "MosqueFinder.Forms", "MosqueFinder\MosqueFinder.Forms\MosqueFinder.Forms.csproj", "{20120D30-E597-4374-A929-4EF0C3E1E294}"
EndProject
Global
	GlobalSection(SolutionConfigurationPlatforms) = preSolution
		Ad-Hoc|Any CPU = Ad-Hoc|Any CPU
		Ad-Hoc|ARM = Ad-Hoc|ARM
		Ad-Hoc|iPhone = Ad-Hoc|iPhone
		Ad-Hoc|iPhoneSimulator = Ad-Hoc|iPhoneSimulator
		Ad-Hoc|Mixed Platforms = Ad-Hoc|Mixed Platforms
		Ad-Hoc|x86 = Ad-Hoc|x86
		AppStore|Any CPU = AppStore|Any CPU
		AppStore|ARM = AppStore|ARM
		AppStore|iPhone = AppStore|iPhone
		AppStore|iPhoneSimulator = AppStore|iPhoneSimulator
		AppStore|Mixed Platforms = AppStore|Mixed Platforms
		AppStore|x86 = AppStore|x86
		Debug|Any CPU = Debug|Any CPU
		Debug|ARM = Debug|ARM
		Debug|iPhone = Debug|iPhone
		Debug|iPhoneSimulator = Debug|iPhoneSimulator
		Debug|Mixed Platforms = Debug|Mixed Platforms
		Debug|x86 = Debug|x86
		Release|Any CPU = Release|Any CPU
		Release|ARM = Release|ARM
		Release|iPhone = Release|iPhone
		Release|iPhoneSimulator = Release|iPhoneSimulator
		Release|Mixed Platforms = Release|Mixed Platforms
		Release|x86 = Release|x86
	EndGlobalSection
	GlobalSection(ProjectConfigurationPlatforms) = postSolution
		{60F8D31D-9FE1-442F-B4DD-BC98E899D19D}.Ad-Hoc|Any CPU.ActiveCfg = Ad-Hoc|iPhone
		{60F8D31D-9FE1-442F-B4DD-BC98E899D19D}.Ad-Hoc|ARM.ActiveCfg = Ad-Hoc|iPhone
		{60F8D31D-9FE1-442F-B4DD-BC98E899D19D}.Ad-Hoc|iPhone.ActiveCfg = Ad-Hoc|iPhone
		{60F8D31D-9FE1-442F-B4DD-BC98E899D19D}.Ad-Hoc|iPhone.Build.0 = Ad-Hoc|iPhone
		{60F8D31D-9FE1-442F-B4DD-BC98E899D19D}.Ad-Hoc|iPhoneSimulator.ActiveCfg = Ad-Hoc|iPhoneSimulator
		{60F8D31D-9FE1-442F-B4DD-BC98E899D19D}.Ad-Hoc|iPhoneSimulator.Build.0 = Ad-Hoc|iPhoneSimulator
		{60F8D31D-9FE1-442F-B4DD-BC98E899D19D}.Ad-Hoc|Mixed Platforms.ActiveCfg = Ad-Hoc|iPhone
		{60F8D31D-9FE1-442F-B4DD-BC98E899D19D}.Ad-Hoc|Mixed Platforms.Build.0 = Ad-Hoc|iPhone
		{60F8D31D-9FE1-442F-B4DD-BC98E899D19D}.Ad-Hoc|x86.ActiveCfg = Ad-Hoc|iPhone
		{60F8D31D-9FE1-442F-B4DD-BC98E899D19D}.AppStore|Any CPU.ActiveCfg = AppStore|iPhone
		{60F8D31D-9FE1-442F-B4DD-BC98E899D19D}.AppStore|ARM.ActiveCfg = AppStore|iPhone
		{60F8D31D-9FE1-442F-B4DD-BC98E899D19D}.AppStore|iPhone.ActiveCfg = AppStore|iPhone
		{60F8D31D-9FE1-442F-B4DD-BC98E899D19D}.AppStore|iPhone.Build.0 = AppStore|iPhone
		{60F8D31D-9FE1-442F-B4DD-BC98E899D19D}.AppStore|iPhoneSimulator.ActiveCfg = AppStore|iPhoneSimulator
		{60F8D31D-9FE1-442F-B4DD-BC98E899D19D}.AppStore|iPhoneSimulator.Build.0 = AppStore|iPhoneSimulator
		{60F8D31D-9FE1-442F-B4DD-BC98E899D19D}.AppStore|Mixed Platforms.ActiveCfg = AppStore|iPhone
		{60F8D31D-9FE1-442F-B4DD-BC98E899D19D}.AppStore|Mixed Platforms.Build.0 = AppStore|iPhone
		{60F8D31D-9FE1-442F-B4DD-BC98E899D19D}.AppStore|x86.ActiveCfg = AppStore|iPhone
		{60F8D31D-9FE1-442F-B4DD-BC98E899D19D}.Debug|Any CPU.ActiveCfg = Debug|iPhone
		{60F8D31D-9FE1-442F-B4DD-BC98E899D19D}.Debug|ARM.ActiveCfg = Debug|iPhone
		{60F8D31D-9FE1-442F-B4DD-BC98E899D19D}.Debug|iPhone.ActiveCfg = Debug|iPhone
		{60F8D31D-9FE1-442F-B4DD-BC98E899D19D}.Debug|iPhone.Build.0 = Debug|iPhone
		{60F8D31D-9FE1-442F-B4DD-BC98E899D19D}.Debug|iPhoneSimulator.ActiveCfg = Debug|iPhoneSimulator
		{60F8D31D-9FE1-442F-B4DD-BC98E899D19D}.Debug|iPhoneSimulator.Build.0 = Debug|iPhoneSimulator
		{60F8D31D-9FE1-442F-B4DD-BC98E899D19D}.Debug|Mixed Platforms.ActiveCfg = Debug|iPhone
		{60F8D31D-9FE1-442F-B4DD-BC98E899D19D}.Debug|Mixed Platforms.Build.0 = Debug|iPhone
		{60F8D31D-9FE1-442F-B4DD-BC98E899D19D}.Debug|x86.ActiveCfg = Debug|iPhone
		{60F8D31D-9FE1-442F-B4DD-BC98E899D19D}.Release|Any CPU.ActiveCfg = Release|iPhone
		{60F8D31D-9FE1-442F-B4DD-BC98E899D19D}.Release|ARM.ActiveCfg = Release|iPhone
		{60F8D31D-9FE1-442F-B4DD-BC98E899D19D}.Release|iPhone.ActiveCfg = Release|iPhone
		{60F8D31D-9FE1-442F-B4DD-BC98E899D19D}.Release|iPhone.Build.0 = Release|iPhone
		{60F8D31D-9FE1-442F-B4DD-BC98E899D19D}.Release|iPhoneSimulator.ActiveCfg = Release|iPhoneSimulator
		{60F8D31D-9FE1-442F-B4DD-BC98E899D19D}.Release|iPhoneSimulator.Build.0 = Release|iPhoneSimulator
		{60F8D31D-9FE1-442F-B4DD-BC98E899D19D}.Release|Mixed Platforms.ActiveCfg = Release|iPhone
		{60F8D31D-9FE1-442F-B4DD-BC98E899D19D}.Release|Mixed Platforms.Build.0 = Release|iPhone
		{60F8D31D-9FE1-442F-B4DD-BC98E899D19D}.Release|x86.ActiveCfg = Release|iPhone
		{16285793-38A7-4E5B-A873-B0726F41A23C}.Ad-Hoc|Any CPU.ActiveCfg = Release|Any CPU
		{16285793-38A7-4E5B-A873-B0726F41A23C}.Ad-Hoc|Any CPU.Build.0 = Release|Any CPU
		{16285793-38A7-4E5B-A873-B0726F41A23C}.Ad-Hoc|Any CPU.Deploy.0 = Release|Any CPU
		{16285793-38A7-4E5B-A873-B0726F41A23C}.Ad-Hoc|ARM.ActiveCfg = Release|Any CPU
		{16285793-38A7-4E5B-A873-B0726F41A23C}.Ad-Hoc|iPhone.ActiveCfg = Release|Any CPU
		{16285793-38A7-4E5B-A873-B0726F41A23C}.Ad-Hoc|iPhoneSimulator.ActiveCfg = Release|Any CPU
		{16285793-38A7-4E5B-A873-B0726F41A23C}.Ad-Hoc|Mixed Platforms.ActiveCfg = Release|Any CPU
		{16285793-38A7-4E5B-A873-B0726F41A23C}.Ad-Hoc|Mixed Platforms.Build.0 = Release|Any CPU
		{16285793-38A7-4E5B-A873-B0726F41A23C}.Ad-Hoc|Mixed Platforms.Deploy.0 = Release|Any CPU
		{16285793-38A7-4E5B-A873-B0726F41A23C}.Ad-Hoc|x86.ActiveCfg = Release|Any CPU
		{16285793-38A7-4E5B-A873-B0726F41A23C}.AppStore|Any CPU.ActiveCfg = Release|Any CPU
		{16285793-38A7-4E5B-A873-B0726F41A23C}.AppStore|Any CPU.Build.0 = Release|Any CPU
		{16285793-38A7-4E5B-A873-B0726F41A23C}.AppStore|Any CPU.Deploy.0 = Release|Any CPU
		{16285793-38A7-4E5B-A873-B0726F41A23C}.AppStore|ARM.ActiveCfg = Release|Any CPU
		{16285793-38A7-4E5B-A873-B0726F41A23C}.AppStore|iPhone.ActiveCfg = Release|Any CPU
		{16285793-38A7-4E5B-A873-B0726F41A23C}.AppStore|iPhoneSimulator.ActiveCfg = Release|Any CPU
		{16285793-38A7-4E5B-A873-B0726F41A23C}.AppStore|Mixed Platforms.ActiveCfg = Release|Any CPU
		{16285793-38A7-4E5B-A873-B0726F41A23C}.AppStore|Mixed Platforms.Build.0 = Release|Any CPU
		{16285793-38A7-4E5B-A873-B0726F41A23C}.AppStore|Mixed Platforms.Deploy.0 = Release|Any CPU
		{16285793-38A7-4E5B-A873-B0726F41A23C}.AppStore|x86.ActiveCfg = Release|Any CPU
		{16285793-38A7-4E5B-A873-B0726F41A23C}.Debug|Any CPU.ActiveCfg = Debug|Any CPU
		{16285793-38A7-4E5B-A873-B0726F41A23C}.Debug|Any CPU.Build.0 = Debug|Any CPU
		{16285793-38A7-4E5B-A873-B0726F41A23C}.Debug|Any CPU.Deploy.0 = Debug|Any CPU
		{16285793-38A7-4E5B-A873-B0726F41A23C}.Debug|ARM.ActiveCfg = Debug|Any CPU
		{16285793-38A7-4E5B-A873-B0726F41A23C}.Debug|iPhone.ActiveCfg = Debug|Any CPU
		{16285793-38A7-4E5B-A873-B0726F41A23C}.Debug|iPhone.Build.0 = Debug|Any CPU
		{16285793-38A7-4E5B-A873-B0726F41A23C}.Debug|iPhoneSimulator.ActiveCfg = Debug|Any CPU
		{16285793-38A7-4E5B-A873-B0726F41A23C}.Debug|iPhoneSimulator.Build.0 = Debug|Any CPU
		{16285793-38A7-4E5B-A873-B0726F41A23C}.Debug|Mixed Platforms.ActiveCfg = Debug|Any CPU
		{16285793-38A7-4E5B-A873-B0726F41A23C}.Debug|Mixed Platforms.Build.0 = Debug|Any CPU
		{16285793-38A7-4E5B-A873-B0726F41A23C}.Debug|Mixed Platforms.Deploy.0 = Debug|Any CPU
		{16285793-38A7-4E5B-A873-B0726F41A23C}.Debug|x86.ActiveCfg = Debug|Any CPU
		{16285793-38A7-4E5B-A873-B0726F41A23C}.Release|Any CPU.ActiveCfg = Release|Any CPU
		{16285793-38A7-4E5B-A873-B0726F41A23C}.Release|Any CPU.Build.0 = Release|Any CPU
		{16285793-38A7-4E5B-A873-B0726F41A23C}.Release|Any CPU.Deploy.0 = Release|Any CPU
		{16285793-38A7-4E5B-A873-B0726F41A23C}.Release|ARM.ActiveCfg = Release|Any CPU
		{16285793-38A7-4E5B-A873-B0726F41A23C}.Release|iPhone.ActiveCfg = Release|Any CPU
		{16285793-38A7-4E5B-A873-B0726F41A23C}.Release|iPhoneSimulator.ActiveCfg = Release|Any CPU
		{16285793-38A7-4E5B-A873-B0726F41A23C}.Release|Mixed Platforms.ActiveCfg = Release|Any CPU
		{16285793-38A7-4E5B-A873-B0726F41A23C}.Release|Mixed Platforms.Build.0 = Release|Any CPU
		{16285793-38A7-4E5B-A873-B0726F41A23C}.Release|Mixed Platforms.Deploy.0 = Release|Any CPU
		{16285793-38A7-4E5B-A873-B0726F41A23C}.Release|x86.ActiveCfg = Release|Any CPU
		{20120D30-E597-4374-A929-4EF0C3E1E294}.Ad-Hoc|Any CPU.ActiveCfg = Release|Any CPU
		{20120D30-E597-4374-A929-4EF0C3E1E294}.Ad-Hoc|Any CPU.Build.0 = Release|Any CPU
		{20120D30-E597-4374-A929-4EF0C3E1E294}.Ad-Hoc|ARM.ActiveCfg = Release|Any CPU
		{20120D30-E597-4374-A929-4EF0C3E1E294}.Ad-Hoc|iPhone.ActiveCfg = Release|Any CPU
		{20120D30-E597-4374-A929-4EF0C3E1E294}.Ad-Hoc|iPhoneSimulator.ActiveCfg = Release|Any CPU
		{20120D30-E597-4374-A929-4EF0C3E1E294}.Ad-Hoc|Mixed Platforms.ActiveCfg = Release|Any CPU
		{20120D30-E597-4374-A929-4EF0C3E1E294}.Ad-Hoc|Mixed Platforms.Build.0 = Release|Any CPU
		{20120D30-E597-4374-A929-4EF0C3E1E294}.Ad-Hoc|x86.ActiveCfg = Release|Any CPU
		{20120D30-E597-4374-A929-4EF0C3E1E294}.AppStore|Any CPU.ActiveCfg = Release|Any CPU
		{20120D30-E597-4374-A929-4EF0C3E1E294}.AppStore|Any CPU.Build.0 = Release|Any CPU
		{20120D30-E597-4374-A929-4EF0C3E1E294}.AppStore|ARM.ActiveCfg = Release|Any CPU
		{20120D30-E597-4374-A929-4EF0C3E1E294}.AppStore|iPhone.ActiveCfg = Release|Any CPU
		{20120D30-E597-4374-A929-4EF0C3E1E294}.AppStore|iPhoneSimulator.ActiveCfg = Release|Any CPU
		{20120D30-E597-4374-A929-4EF0C3E1E294}.AppStore|Mixed Platforms.ActiveCfg = Release|Any CPU
		{20120D30-E597-4374-A929-4EF0C3E1E294}.AppStore|Mixed Platforms.Build.0 = Release|Any CPU
		{20120D30-E597-4374-A929-4EF0C3E1E294}.AppStore|x86.ActiveCfg = Release|Any CPU
		{20120D30-E597-4374-A929-4EF0C3E1E294}.Debug|Any CPU.ActiveCfg = Debug|Any CPU
		{20120D30-E597-4374-A929-4EF0C3E1E294}.Debug|Any CPU.Build.0 = Debug|Any CPU
		{20120D30-E597-4374-A929-4EF0C3E1E294}.Debug|ARM.ActiveCfg = Debug|Any CPU
		{20120D30-E597-4374-A929-4EF0C3E1E294}.Debug|iPhone.ActiveCfg = Debug|Any CPU
		{20120D30-E597-4374-A929-4EF0C3E1E294}.Debug|iPhone.Build.0 = Debug|Any CPU
		{20120D30-E597-4374-A929-4EF0C3E1E294}.Debug|iPhoneSimulator.ActiveCfg = Debug|Any CPU
		{20120D30-E597-4374-A929-4EF0C3E1E294}.Debug|iPhoneSimulator.Build.0 = Debug|Any CPU
		{20120D30-E597-4374-A929-4EF0C3E1E294}.Debug|Mixed Platforms.ActiveCfg = Debug|Any CPU
		{20120D30-E597-4374-A929-4EF0C3E1E294}.Debug|Mixed Platforms.Build.0 = Debug|Any CPU
		{20120D30-E597-4374-A929-4EF0C3E1E294}.Debug|x86.ActiveCfg = Debug|Any CPU
		{20120D30-E597-4374-A929-4EF0C3E1E294}.Release|Any CPU.ActiveCfg = Release|Any CPU
		{20120D30-E597-4374-A929-4EF0C3E1E294}.Release|Any CPU.Build.0 = Release|Any CPU
		{20120D30-E597-4374-A929-4EF0C3E1E294}.Release|ARM.ActiveCfg = Release|Any CPU
		{20120D30-E597-4374-A929-4EF0C3E1E294}.Release|iPhone.ActiveCfg = Release|Any CPU
		{20120D30-E597-4374-A929-4EF0C3E1E294}.Release|iPhoneSimulator.ActiveCfg = Release|Any CPU
		{20120D30-E597-4374-A929-4EF0C3E1E294}.Release|Mixed Platforms.ActiveCfg = Release|Any CPU
		{20120D30-E597-4374-A929-4EF0C3E1E294}.Release|Mixed Platforms.Build.0 = Release|Any CPU
		{20120D30-E597-4374-A929-4EF0C3E1E294}.Release|x86.ActiveCfg = Release|Any CPU
	EndGlobalSection
	GlobalSection(SolutionProperties) = preSolution
		HideSolutionNode = FALSE
	EndGlobalSection
EndGlobal
